// !$*UTF8*$!
{
	archiveVersion = 1;
	classes = {
	};
	objectVersion = 51;
	objects = {

/* Begin PBXBuildFile section */
		BBA3B245776737ABEB3E78B1 /* Pods_WeatherApp.framework in Frameworks */ = {isa = PBXBuildFile; fileRef = 69AED9BF1F2ECE014036DC75 /* Pods_WeatherApp.framework */; settings = {ATTRIBUTES = (Required, ); }; };
		D101C56A2585C9C6005BC6EE /* map icon.png in Resources */ = {isa = PBXBuildFile; fileRef = D101C5692585C9C6005BC6EE /* map icon.png */; };
		D10B379323CFF1C50048FB58 /* s_02d.png in Resources */ = {isa = PBXBuildFile; fileRef = D10B378123CFF1C40048FB58 /* s_02d.png */; };
		D10B379423CFF1C50048FB58 /* s_13d.png in Resources */ = {isa = PBXBuildFile; fileRef = D10B378223CFF1C40048FB58 /* s_13d.png */; };
		D10B379523CFF1C50048FB58 /* s_11n.png in Resources */ = {isa = PBXBuildFile; fileRef = D10B378323CFF1C40048FB58 /* s_11n.png */; };
		D10B379623CFF1C50048FB58 /* s_02n.png in Resources */ = {isa = PBXBuildFile; fileRef = D10B378423CFF1C40048FB58 /* s_02n.png */; };
		D10B379723CFF1C50048FB58 /* s_03d.png in Resources */ = {isa = PBXBuildFile; fileRef = D10B378523CFF1C40048FB58 /* s_03d.png */; };
		D10B379823CFF1C50048FB58 /* s_01d.png in Resources */ = {isa = PBXBuildFile; fileRef = D10B378623CFF1C40048FB58 /* s_01d.png */; };
		D10B379923CFF1C50048FB58 /* s_09n.png in Resources */ = {isa = PBXBuildFile; fileRef = D10B378723CFF1C40048FB58 /* s_09n.png */; };
		D10B379A23CFF1C50048FB58 /* s_04d.png in Resources */ = {isa = PBXBuildFile; fileRef = D10B378823CFF1C50048FB58 /* s_04d.png */; };
		D10B379B23CFF1C50048FB58 /* s_11d.png in Resources */ = {isa = PBXBuildFile; fileRef = D10B378923CFF1C50048FB58 /* s_11d.png */; };
		D10B379C23CFF1C50048FB58 /* s_10d.png in Resources */ = {isa = PBXBuildFile; fileRef = D10B378A23CFF1C50048FB58 /* s_10d.png */; };
		D10B379D23CFF1C50048FB58 /* s_09d.png in Resources */ = {isa = PBXBuildFile; fileRef = D10B378B23CFF1C50048FB58 /* s_09d.png */; };
		D10B379E23CFF1C50048FB58 /* s_01n.png in Resources */ = {isa = PBXBuildFile; fileRef = D10B378C23CFF1C50048FB58 /* s_01n.png */; };
		D10B379F23CFF1C50048FB58 /* s_50n.png in Resources */ = {isa = PBXBuildFile; fileRef = D10B378D23CFF1C50048FB58 /* s_50n.png */; };
		D10B37A023CFF1C50048FB58 /* s_50d.png in Resources */ = {isa = PBXBuildFile; fileRef = D10B378E23CFF1C50048FB58 /* s_50d.png */; };
		D10B37A123CFF1C50048FB58 /* s_10n.png in Resources */ = {isa = PBXBuildFile; fileRef = D10B378F23CFF1C50048FB58 /* s_10n.png */; };
		D10B37A223CFF1C50048FB58 /* s_13n.png in Resources */ = {isa = PBXBuildFile; fileRef = D10B379023CFF1C50048FB58 /* s_13n.png */; };
		D10B37A323CFF1C50048FB58 /* s_04n.png in Resources */ = {isa = PBXBuildFile; fileRef = D10B379123CFF1C50048FB58 /* s_04n.png */; };
		D10B37A423CFF1C50048FB58 /* s_03n.png in Resources */ = {isa = PBXBuildFile; fileRef = D10B379223CFF1C50048FB58 /* s_03n.png */; };
		D12AB72323E44A8800EA1B1D /* Localizable.strings in Resources */ = {isa = PBXBuildFile; fileRef = D12AB72123E44A8700EA1B1D /* Localizable.strings */; };
		D1B256C8238396C200142068 /* AppDelegate.swift in Sources */ = {isa = PBXBuildFile; fileRef = D1B256C7238396C200142068 /* AppDelegate.swift */; };
		D1B256CA238396C200142068 /* SceneDelegate.swift in Sources */ = {isa = PBXBuildFile; fileRef = D1B256C9238396C200142068 /* SceneDelegate.swift */; };
		D1B256CC238396C200142068 /* ViewController.swift in Sources */ = {isa = PBXBuildFile; fileRef = D1B256CB238396C200142068 /* ViewController.swift */; };
		D1B256CF238396C200142068 /* Main.storyboard in Resources */ = {isa = PBXBuildFile; fileRef = D1B256CD238396C200142068 /* Main.storyboard */; };
		D1B256D1238396C500142068 /* Assets.xcassets in Resources */ = {isa = PBXBuildFile; fileRef = D1B256D0238396C500142068 /* Assets.xcassets */; };
		D1B256D4238396C500142068 /* LaunchScreen.storyboard in Resources */ = {isa = PBXBuildFile; fileRef = D1B256D2238396C500142068 /* LaunchScreen.storyboard */; };
		D1DDD56C2395F9AC0001AA44 /* 50d.png in Resources */ = {isa = PBXBuildFile; fileRef = D1DDD56A2395F9AB0001AA44 /* 50d.png */; };
		D1DDD56D2395F9AC0001AA44 /* 50n.png in Resources */ = {isa = PBXBuildFile; fileRef = D1DDD56B2395F9AB0001AA44 /* 50n.png */; };
		D1EA8CCA239C66D3000E260E /* search-icon.png in Resources */ = {isa = PBXBuildFile; fileRef = D1EA8CC9239C66D3000E260E /* search-icon.png */; };
		D1EA8CCC239C9E3D000E260E /* worldcities.csv in Resources */ = {isa = PBXBuildFile; fileRef = D1EA8CCB239C9E3C000E260E /* worldcities.csv */; };
		D1F28494238B05180023521F /* 02n.png in Resources */ = {isa = PBXBuildFile; fileRef = D1F28493238B05170023521F /* 02n.png */; };
		D1F28499238B05590023521F /* 03d.png in Resources */ = {isa = PBXBuildFile; fileRef = D1F28495238B05590023521F /* 03d.png */; };
		D1F2849A238B05590023521F /* 04n.png in Resources */ = {isa = PBXBuildFile; fileRef = D1F28496238B05590023521F /* 04n.png */; };
		D1F2849B238B05590023521F /* 04d.png in Resources */ = {isa = PBXBuildFile; fileRef = D1F28497238B05590023521F /* 04d.png */; };
		D1F2849E238B05990023521F /* 03n.png in Resources */ = {isa = PBXBuildFile; fileRef = D1F2849D238B05990023521F /* 03n.png */; };
		D1F284A0238B05C90023521F /* 10n.png in Resources */ = {isa = PBXBuildFile; fileRef = D1F2849F238B05C90023521F /* 10n.png */; };
		D1F284A3238B05F10023521F /* 11n.png in Resources */ = {isa = PBXBuildFile; fileRef = D1F284A1238B05F10023521F /* 11n.png */; };
		D1F284A4238B05F10023521F /* 11d.png in Resources */ = {isa = PBXBuildFile; fileRef = D1F284A2238B05F10023521F /* 11d.png */; };
		D1F284A7238B061F0023521F /* 13d.png in Resources */ = {isa = PBXBuildFile; fileRef = D1F284A5238B061F0023521F /* 13d.png */; };
		D1F284A8238B061F0023521F /* 13n.png in Resources */ = {isa = PBXBuildFile; fileRef = D1F284A6238B061F0023521F /* 13n.png */; };
		D1F284B2238B077F0023521F /* 09d.png in Resources */ = {isa = PBXBuildFile; fileRef = D1F284AD238B077F0023521F /* 09d.png */; };
		D1F284B3238B077F0023521F /* 02d.png in Resources */ = {isa = PBXBuildFile; fileRef = D1F284AE238B077F0023521F /* 02d.png */; };
		D1F284B4238B077F0023521F /* 09n.png in Resources */ = {isa = PBXBuildFile; fileRef = D1F284AF238B077F0023521F /* 09n.png */; };
		D1F284B8238B08D90023521F /* 10d.png in Resources */ = {isa = PBXBuildFile; fileRef = D1F284B7238B08D90023521F /* 10d.png */; };
		D1F284BC238B42AE0023521F /* logo.png in Resources */ = {isa = PBXBuildFile; fileRef = D1F284BB238B42AE0023521F /* logo.png */; };
		E537256A27B0B7D8002E8CE1 /* 01d.png in Resources */ = {isa = PBXBuildFile; fileRef = E537256827B0B7D8002E8CE1 /* 01d.png */; };
		E537256B27B0B7D8002E8CE1 /* 01n.png in Resources */ = {isa = PBXBuildFile; fileRef = E537256927B0B7D8002E8CE1 /* 01n.png */; };
		E53F902F2900C8F90013152A /* icon-down.png in Resources */ = {isa = PBXBuildFile; fileRef = E53F902E2900C8F90013152A /* icon-down.png */; };
		E53F903E29039A3D0013152A /* icons8-sort-down-48.png in Resources */ = {isa = PBXBuildFile; fileRef = E53F903C29039A3D0013152A /* icons8-sort-down-48.png */; };
		E53F904129039AD30013152A /* back.png in Resources */ = {isa = PBXBuildFile; fileRef = E53F904029039AD30013152A /* back.png */; };
		E5DD69D2290E1C15009C2E61 /* neutral.png in Resources */ = {isa = PBXBuildFile; fileRef = E5DD69CD290E1C14009C2E61 /* neutral.png */; };
		E5DD69D4290E1C15009C2E61 /* sad.png in Resources */ = {isa = PBXBuildFile; fileRef = E5DD69CF290E1C14009C2E61 /* sad.png */; };
		E5DD69D5290E1C15009C2E61 /* angry.png in Resources */ = {isa = PBXBuildFile; fileRef = E5DD69D0290E1C15009C2E61 /* angry.png */; };
		E5DD69D8290E2D2A009C2E61 /* fair.png in Resources */ = {isa = PBXBuildFile; fileRef = E5DD69D6290E2D29009C2E61 /* fair.png */; };
		E5DD69D9290E2D2A009C2E61 /* good.png in Resources */ = {isa = PBXBuildFile; fileRef = E5DD69D7290E2D29009C2E61 /* good.png */; };
/* End PBXBuildFile section */

/* Begin PBXFileReference section */
		3C2B31F282C60BCF5A8DBD33 /* Pods-WeatherApp.debug.xcconfig */ = {isa = PBXFileReference; includeInIndex = 1; lastKnownFileType = text.xcconfig; name = "Pods-WeatherApp.debug.xcconfig"; path = "Target Support Files/Pods-WeatherApp/Pods-WeatherApp.debug.xcconfig"; sourceTree = "<group>"; };
		69AED9BF1F2ECE014036DC75 /* Pods_WeatherApp.framework */ = {isa = PBXFileReference; explicitFileType = wrapper.framework; includeInIndex = 0; path = Pods_WeatherApp.framework; sourceTree = BUILT_PRODUCTS_DIR; };
		7E63C5BE56B29C444A52D173 /* Pods-WeatherApp.release.xcconfig */ = {isa = PBXFileReference; includeInIndex = 1; lastKnownFileType = text.xcconfig; name = "Pods-WeatherApp.release.xcconfig"; path = "Target Support Files/Pods-WeatherApp/Pods-WeatherApp.release.xcconfig"; sourceTree = "<group>"; };
		D101C5692585C9C6005BC6EE /* map icon.png */ = {isa = PBXFileReference; lastKnownFileType = image.png; path = "map icon.png"; sourceTree = "<group>"; };
		D10B378123CFF1C40048FB58 /* s_02d.png */ = {isa = PBXFileReference; lastKnownFileType = image.png; path = s_02d.png; sourceTree = "<group>"; };
		D10B378223CFF1C40048FB58 /* s_13d.png */ = {isa = PBXFileReference; lastKnownFileType = image.png; path = s_13d.png; sourceTree = "<group>"; };
		D10B378323CFF1C40048FB58 /* s_11n.png */ = {isa = PBXFileReference; lastKnownFileType = image.png; path = s_11n.png; sourceTree = "<group>"; };
		D10B378423CFF1C40048FB58 /* s_02n.png */ = {isa = PBXFileReference; lastKnownFileType = image.png; path = s_02n.png; sourceTree = "<group>"; };
		D10B378523CFF1C40048FB58 /* s_03d.png */ = {isa = PBXFileReference; lastKnownFileType = image.png; path = s_03d.png; sourceTree = "<group>"; };
		D10B378623CFF1C40048FB58 /* s_01d.png */ = {isa = PBXFileReference; lastKnownFileType = image.png; path = s_01d.png; sourceTree = "<group>"; };
		D10B378723CFF1C40048FB58 /* s_09n.png */ = {isa = PBXFileReference; lastKnownFileType = image.png; path = s_09n.png; sourceTree = "<group>"; };
		D10B378823CFF1C50048FB58 /* s_04d.png */ = {isa = PBXFileReference; lastKnownFileType = image.png; path = s_04d.png; sourceTree = "<group>"; };
		D10B378923CFF1C50048FB58 /* s_11d.png */ = {isa = PBXFileReference; lastKnownFileType = image.png; path = s_11d.png; sourceTree = "<group>"; };
		D10B378A23CFF1C50048FB58 /* s_10d.png */ = {isa = PBXFileReference; lastKnownFileType = image.png; path = s_10d.png; sourceTree = "<group>"; };
		D10B378B23CFF1C50048FB58 /* s_09d.png */ = {isa = PBXFileReference; lastKnownFileType = image.png; path = s_09d.png; sourceTree = "<group>"; };
		D10B378C23CFF1C50048FB58 /* s_01n.png */ = {isa = PBXFileReference; lastKnownFileType = image.png; path = s_01n.png; sourceTree = "<group>"; };
		D10B378D23CFF1C50048FB58 /* s_50n.png */ = {isa = PBXFileReference; lastKnownFileType = image.png; path = s_50n.png; sourceTree = "<group>"; };
		D10B378E23CFF1C50048FB58 /* s_50d.png */ = {isa = PBXFileReference; lastKnownFileType = image.png; path = s_50d.png; sourceTree = "<group>"; };
		D10B378F23CFF1C50048FB58 /* s_10n.png */ = {isa = PBXFileReference; lastKnownFileType = image.png; path = s_10n.png; sourceTree = "<group>"; };
		D10B379023CFF1C50048FB58 /* s_13n.png */ = {isa = PBXFileReference; lastKnownFileType = image.png; path = s_13n.png; sourceTree = "<group>"; };
		D10B379123CFF1C50048FB58 /* s_04n.png */ = {isa = PBXFileReference; lastKnownFileType = image.png; path = s_04n.png; sourceTree = "<group>"; };
		D10B379223CFF1C50048FB58 /* s_03n.png */ = {isa = PBXFileReference; lastKnownFileType = image.png; path = s_03n.png; sourceTree = "<group>"; };
		D12AB72023E4439D00EA1B1D /* pl */ = {isa = PBXFileReference; lastKnownFileType = text.plist.strings; name = pl; path = pl.lproj/Main.strings; sourceTree = "<group>"; };
		D12AB72223E44A8700EA1B1D /* pl */ = {isa = PBXFileReference; lastKnownFileType = text.plist.strings; name = pl; path = pl.lproj/Localizable.strings; sourceTree = "<group>"; };
		D12AB72423E44B5000EA1B1D /* Base */ = {isa = PBXFileReference; lastKnownFileType = text.plist.strings; name = Base; path = Base.lproj/Localizable.strings; sourceTree = "<group>"; };
		D1B256C4238396C200142068 /* WeatherApp.app */ = {isa = PBXFileReference; explicitFileType = wrapper.application; includeInIndex = 0; path = WeatherApp.app; sourceTree = BUILT_PRODUCTS_DIR; };
		D1B256C7238396C200142068 /* AppDelegate.swift */ = {isa = PBXFileReference; lastKnownFileType = sourcecode.swift; path = AppDelegate.swift; sourceTree = "<group>"; };
		D1B256C9238396C200142068 /* SceneDelegate.swift */ = {isa = PBXFileReference; lastKnownFileType = sourcecode.swift; path = SceneDelegate.swift; sourceTree = "<group>"; };
		D1B256CB238396C200142068 /* ViewController.swift */ = {isa = PBXFileReference; lastKnownFileType = sourcecode.swift; path = ViewController.swift; sourceTree = "<group>"; };
		D1B256CE238396C200142068 /* Base */ = {isa = PBXFileReference; lastKnownFileType = file.storyboard; name = Base; path = Base.lproj/Main.storyboard; sourceTree = "<group>"; };
		D1B256D0238396C500142068 /* Assets.xcassets */ = {isa = PBXFileReference; lastKnownFileType = folder.assetcatalog; path = Assets.xcassets; sourceTree = "<group>"; };
		D1B256D3238396C500142068 /* Base */ = {isa = PBXFileReference; lastKnownFileType = file.storyboard; name = Base; path = Base.lproj/LaunchScreen.storyboard; sourceTree = "<group>"; };
		D1B256D5238396C500142068 /* Info.plist */ = {isa = PBXFileReference; lastKnownFileType = text.plist.xml; path = Info.plist; sourceTree = "<group>"; };
		D1DDD56A2395F9AB0001AA44 /* 50d.png */ = {isa = PBXFileReference; lastKnownFileType = image.png; path = 50d.png; sourceTree = "<group>"; };
		D1DDD56B2395F9AB0001AA44 /* 50n.png */ = {isa = PBXFileReference; lastKnownFileType = image.png; path = 50n.png; sourceTree = "<group>"; };
		D1EA8CC9239C66D3000E260E /* search-icon.png */ = {isa = PBXFileReference; lastKnownFileType = image.png; path = "search-icon.png"; sourceTree = "<group>"; };
		D1EA8CCB239C9E3C000E260E /* worldcities.csv */ = {isa = PBXFileReference; fileEncoding = 4; lastKnownFileType = text; path = worldcities.csv; sourceTree = "<group>"; };
		D1F28493238B05170023521F /* 02n.png */ = {isa = PBXFileReference; lastKnownFileType = image.png; path = 02n.png; sourceTree = "<group>"; };
		D1F28495238B05590023521F /* 03d.png */ = {isa = PBXFileReference; lastKnownFileType = image.png; path = 03d.png; sourceTree = "<group>"; };
		D1F28496238B05590023521F /* 04n.png */ = {isa = PBXFileReference; lastKnownFileType = image.png; path = 04n.png; sourceTree = "<group>"; };
		D1F28497238B05590023521F /* 04d.png */ = {isa = PBXFileReference; lastKnownFileType = image.png; path = 04d.png; sourceTree = "<group>"; };
		D1F2849D238B05990023521F /* 03n.png */ = {isa = PBXFileReference; lastKnownFileType = image.png; path = 03n.png; sourceTree = "<group>"; };
		D1F2849F238B05C90023521F /* 10n.png */ = {isa = PBXFileReference; lastKnownFileType = image.png; path = 10n.png; sourceTree = "<group>"; };
		D1F284A1238B05F10023521F /* 11n.png */ = {isa = PBXFileReference; lastKnownFileType = image.png; path = 11n.png; sourceTree = "<group>"; };
		D1F284A2238B05F10023521F /* 11d.png */ = {isa = PBXFileReference; lastKnownFileType = image.png; path = 11d.png; sourceTree = "<group>"; };
		D1F284A5238B061F0023521F /* 13d.png */ = {isa = PBXFileReference; lastKnownFileType = image.png; path = 13d.png; sourceTree = "<group>"; };
		D1F284A6238B061F0023521F /* 13n.png */ = {isa = PBXFileReference; lastKnownFileType = image.png; path = 13n.png; sourceTree = "<group>"; };
		D1F284AD238B077F0023521F /* 09d.png */ = {isa = PBXFileReference; lastKnownFileType = image.png; path = 09d.png; sourceTree = "<group>"; };
		D1F284AE238B077F0023521F /* 02d.png */ = {isa = PBXFileReference; lastKnownFileType = image.png; path = 02d.png; sourceTree = "<group>"; };
		D1F284AF238B077F0023521F /* 09n.png */ = {isa = PBXFileReference; lastKnownFileType = image.png; path = 09n.png; sourceTree = "<group>"; };
		D1F284B7238B08D90023521F /* 10d.png */ = {isa = PBXFileReference; lastKnownFileType = image.png; path = 10d.png; sourceTree = "<group>"; };
		D1F284BB238B42AE0023521F /* logo.png */ = {isa = PBXFileReference; lastKnownFileType = image.png; path = logo.png; sourceTree = "<group>"; };
		E537256827B0B7D8002E8CE1 /* 01d.png */ = {isa = PBXFileReference; lastKnownFileType = image.png; path = 01d.png; sourceTree = "<group>"; };
		E537256927B0B7D8002E8CE1 /* 01n.png */ = {isa = PBXFileReference; lastKnownFileType = image.png; path = 01n.png; sourceTree = "<group>"; };
		E53F902E2900C8F90013152A /* icon-down.png */ = {isa = PBXFileReference; lastKnownFileType = image.png; path = "icon-down.png"; sourceTree = "<group>"; };
		E53F903C29039A3D0013152A /* icons8-sort-down-48.png */ = {isa = PBXFileReference; lastKnownFileType = image.png; name = "icons8-sort-down-48.png"; path = "../../../Desktop/icons8-sort-down-48.png"; sourceTree = "<group>"; };
		E53F904029039AD30013152A /* back.png */ = {isa = PBXFileReference; lastKnownFileType = image.png; name = back.png; path = ../../../Desktop/back.png; sourceTree = "<group>"; };
		E57247C029532B5900F6E33B /* ja */ = {isa = PBXFileReference; lastKnownFileType = text.plist.strings; name = ja; path = ja.lproj/Main.strings; sourceTree = "<group>"; };
		E57247C129532B5900F6E33B /* ja */ = {isa = PBXFileReference; lastKnownFileType = text.plist.strings; name = ja; path = ja.lproj/LaunchScreen.strings; sourceTree = "<group>"; };
		E57247C229532B5900F6E33B /* ja */ = {isa = PBXFileReference; lastKnownFileType = text.plist.strings; name = ja; path = ja.lproj/Localizable.strings; sourceTree = "<group>"; };
		E57247C3297A317800F6E33B /* pt-BR */ = {isa = PBXFileReference; lastKnownFileType = text.plist.strings; name = "pt-BR"; path = "pt-BR.lproj/Main.strings"; sourceTree = "<group>"; };
		E57247C4297A317800F6E33B /* pt-BR */ = {isa = PBXFileReference; lastKnownFileType = text.plist.strings; name = "pt-BR"; path = "pt-BR.lproj/LaunchScreen.strings"; sourceTree = "<group>"; };
		E57247C5297A317900F6E33B /* pt-BR */ = {isa = PBXFileReference; lastKnownFileType = text.plist.strings; name = "pt-BR"; path = "pt-BR.lproj/Localizable.strings"; sourceTree = "<group>"; };
		E57247C6297A318800F6E33B /* pt-PT */ = {isa = PBXFileReference; lastKnownFileType = text.plist.strings; name = "pt-PT"; path = "pt-PT.lproj/Main.strings"; sourceTree = "<group>"; };
		E57247C7297A318800F6E33B /* pt-PT */ = {isa = PBXFileReference; lastKnownFileType = text.plist.strings; name = "pt-PT"; path = "pt-PT.lproj/LaunchScreen.strings"; sourceTree = "<group>"; };
		E57247C8297A318800F6E33B /* pt-PT */ = {isa = PBXFileReference; lastKnownFileType = text.plist.strings; name = "pt-PT"; path = "pt-PT.lproj/Localizable.strings"; sourceTree = "<group>"; };
		E57247C9297A31B500F6E33B /* it */ = {isa = PBXFileReference; lastKnownFileType = text.plist.strings; name = it; path = it.lproj/Main.strings; sourceTree = "<group>"; };
		E57247CA297A31B500F6E33B /* it */ = {isa = PBXFileReference; lastKnownFileType = text.plist.strings; name = it; path = it.lproj/LaunchScreen.strings; sourceTree = "<group>"; };
		E57247CB297A31B500F6E33B /* it */ = {isa = PBXFileReference; lastKnownFileType = text.plist.strings; name = it; path = it.lproj/Localizable.strings; sourceTree = "<group>"; };
		E5DD69CD290E1C14009C2E61 /* neutral.png */ = {isa = PBXFileReference; lastKnownFileType = image.png; path = neutral.png; sourceTree = "<group>"; };
		E5DD69CF290E1C14009C2E61 /* sad.png */ = {isa = PBXFileReference; lastKnownFileType = image.png; path = sad.png; sourceTree = "<group>"; };
		E5DD69D0290E1C15009C2E61 /* angry.png */ = {isa = PBXFileReference; lastKnownFileType = image.png; path = angry.png; sourceTree = "<group>"; };
		E5DD69D6290E2D29009C2E61 /* fair.png */ = {isa = PBXFileReference; lastKnownFileType = image.png; path = fair.png; sourceTree = "<group>"; };
		E5DD69D7290E2D29009C2E61 /* good.png */ = {isa = PBXFileReference; lastKnownFileType = image.png; path = good.png; sourceTree = "<group>"; };
		E5E06B56293AD4490039978C /* es */ = {isa = PBXFileReference; lastKnownFileType = text.plist.strings; name = es; path = es.lproj/Main.strings; sourceTree = "<group>"; };
		E5E06B57293AD4490039978C /* es */ = {isa = PBXFileReference; lastKnownFileType = text.plist.strings; name = es; path = es.lproj/LaunchScreen.strings; sourceTree = "<group>"; };
		E5E06B58293AD4490039978C /* es */ = {isa = PBXFileReference; lastKnownFileType = text.plist.strings; name = es; path = es.lproj/Localizable.strings; sourceTree = "<group>"; };
		E5E06B59293AD4630039978C /* de */ = {isa = PBXFileReference; lastKnownFileType = text.plist.strings; name = de; path = de.lproj/Main.strings; sourceTree = "<group>"; };
		E5E06B5A293AD4630039978C /* de */ = {isa = PBXFileReference; lastKnownFileType = text.plist.strings; name = de; path = de.lproj/LaunchScreen.strings; sourceTree = "<group>"; };
		E5E06B5B293AD4630039978C /* de */ = {isa = PBXFileReference; lastKnownFileType = text.plist.strings; name = de; path = de.lproj/Localizable.strings; sourceTree = "<group>"; };
		E5E06B5C293AD4730039978C /* fr */ = {isa = PBXFileReference; lastKnownFileType = text.plist.strings; name = fr; path = fr.lproj/Main.strings; sourceTree = "<group>"; };
		E5E06B5D293AD4730039978C /* fr */ = {isa = PBXFileReference; lastKnownFileType = text.plist.strings; name = fr; path = fr.lproj/LaunchScreen.strings; sourceTree = "<group>"; };
		E5E06B5E293AD4730039978C /* fr */ = {isa = PBXFileReference; lastKnownFileType = text.plist.strings; name = fr; path = fr.lproj/Localizable.strings; sourceTree = "<group>"; };
/* End PBXFileReference section */

/* Begin PBXFrameworksBuildPhase section */
		D1B256C1238396C200142068 /* Frameworks */ = {
			isa = PBXFrameworksBuildPhase;
			buildActionMask = 2147483647;
			files = (
				BBA3B245776737ABEB3E78B1 /* Pods_WeatherApp.framework in Frameworks */,
			);
			runOnlyForDeploymentPostprocessing = 0;
		};
/* End PBXFrameworksBuildPhase section */

/* Begin PBXGroup section */
		6DB46AC12C6D23628CCEBF54 /* Frameworks */ = {
			isa = PBXGroup;
			children = (
				69AED9BF1F2ECE014036DC75 /* Pods_WeatherApp.framework */,
			);
			name = Frameworks;
			sourceTree = "<group>";
		};
		6E7B5ACF6F56FE2F46627692 /* Pods */ = {
			isa = PBXGroup;
			children = (
				3C2B31F282C60BCF5A8DBD33 /* Pods-WeatherApp.debug.xcconfig */,
				7E63C5BE56B29C444A52D173 /* Pods-WeatherApp.release.xcconfig */,
			);
			path = Pods;
			sourceTree = "<group>";
		};
		D1B256BB238396C200142068 = {
			isa = PBXGroup;
			children = (
				D1B256C6238396C200142068 /* WeatherApp */,
				D1B256C5238396C200142068 /* Products */,
				6DB46AC12C6D23628CCEBF54 /* Frameworks */,
				6E7B5ACF6F56FE2F46627692 /* Pods */,
			);
			sourceTree = "<group>";
		};
		D1B256C5238396C200142068 /* Products */ = {
			isa = PBXGroup;
			children = (
				D1B256C4238396C200142068 /* WeatherApp.app */,
			);
			name = Products;
			sourceTree = "<group>";
		};
		D1B256C6238396C200142068 /* WeatherApp */ = {
			isa = PBXGroup;
			children = (
				E5DD69D6290E2D29009C2E61 /* fair.png */,
				E5DD69D7290E2D29009C2E61 /* good.png */,
				E53F902E2900C8F90013152A /* icon-down.png */,
				D101C5692585C9C6005BC6EE /* map icon.png */,
				E5DD69D0290E1C15009C2E61 /* angry.png */,
				E5DD69CD290E1C14009C2E61 /* neutral.png */,
				E5DD69CF290E1C14009C2E61 /* sad.png */,
				D10B378623CFF1C40048FB58 /* s_01d.png */,
				D10B378C23CFF1C50048FB58 /* s_01n.png */,
				D10B378123CFF1C40048FB58 /* s_02d.png */,
				E53F904029039AD30013152A /* back.png */,
				D10B378423CFF1C40048FB58 /* s_02n.png */,
				D10B378523CFF1C40048FB58 /* s_03d.png */,
				E53F903C29039A3D0013152A /* icons8-sort-down-48.png */,
				D10B379223CFF1C50048FB58 /* s_03n.png */,
				D10B378823CFF1C50048FB58 /* s_04d.png */,
				D10B379123CFF1C50048FB58 /* s_04n.png */,
				D10B378B23CFF1C50048FB58 /* s_09d.png */,
				D10B378723CFF1C40048FB58 /* s_09n.png */,
				D10B378A23CFF1C50048FB58 /* s_10d.png */,
				D10B378F23CFF1C50048FB58 /* s_10n.png */,
				D10B378923CFF1C50048FB58 /* s_11d.png */,
				D10B378323CFF1C40048FB58 /* s_11n.png */,
				D10B378223CFF1C40048FB58 /* s_13d.png */,
				D10B379023CFF1C50048FB58 /* s_13n.png */,
				D10B378E23CFF1C50048FB58 /* s_50d.png */,
				E537256827B0B7D8002E8CE1 /* 01d.png */,
				E537256927B0B7D8002E8CE1 /* 01n.png */,
				D10B378D23CFF1C50048FB58 /* s_50n.png */,
				D1EA8CC9239C66D3000E260E /* search-icon.png */,
				D1EA8CCB239C9E3C000E260E /* worldcities.csv */,
				D1B256C7238396C200142068 /* AppDelegate.swift */,
				D1B256C9238396C200142068 /* SceneDelegate.swift */,
				D1B256CB238396C200142068 /* ViewController.swift */,
				D1B256CD238396C200142068 /* Main.storyboard */,
				D12AB72123E44A8700EA1B1D /* Localizable.strings */,
				D1B256D0238396C500142068 /* Assets.xcassets */,
				D1F28495238B05590023521F /* 03d.png */,
				D1F28497238B05590023521F /* 04d.png */,
				D1F28496238B05590023521F /* 04n.png */,
				D1F2849D238B05990023521F /* 03n.png */,
				D1F28493238B05170023521F /* 02n.png */,
				D1F284B7238B08D90023521F /* 10d.png */,
				D1F2849F238B05C90023521F /* 10n.png */,
				D1F284A2238B05F10023521F /* 11d.png */,
				D1F284A5238B061F0023521F /* 13d.png */,
				D1DDD56A2395F9AB0001AA44 /* 50d.png */,
				D1DDD56B2395F9AB0001AA44 /* 50n.png */,
				D1F284AE238B077F0023521F /* 02d.png */,
				D1F284AD238B077F0023521F /* 09d.png */,
				D1F284AF238B077F0023521F /* 09n.png */,
				D1F284A6238B061F0023521F /* 13n.png */,
				D1F284BB238B42AE0023521F /* logo.png */,
				D1F284A1238B05F10023521F /* 11n.png */,
				D1B256D2238396C500142068 /* LaunchScreen.storyboard */,
				D1B256D5238396C500142068 /* Info.plist */,
			);
			path = WeatherApp;
			sourceTree = "<group>";
		};
/* End PBXGroup section */

/* Begin PBXNativeTarget section */
		D1B256C3238396C200142068 /* WeatherApp */ = {
			isa = PBXNativeTarget;
			buildConfigurationList = D1B256D8238396C500142068 /* Build configuration list for PBXNativeTarget "WeatherApp" */;
			buildPhases = (
				8780A7F9DB66F8F711705C42 /* [CP] Check Pods Manifest.lock */,
				D1B256C0238396C200142068 /* Sources */,
				D1B256C1238396C200142068 /* Frameworks */,
				D1B256C2238396C200142068 /* Resources */,
				BFDF2426F9EED85664C696D6 /* [CP] Embed Pods Frameworks */,
			);
			buildRules = (
			);
			dependencies = (
			);
			name = WeatherApp;
			productName = WeatherApp;
			productReference = D1B256C4238396C200142068 /* WeatherApp.app */;
			productType = "com.apple.product-type.application";
		};
/* End PBXNativeTarget section */

/* Begin PBXProject section */
		D1B256BC238396C200142068 /* Project object */ = {
			isa = PBXProject;
			attributes = {
				LastSwiftUpdateCheck = 1120;
				LastUpgradeCheck = 1120;
				ORGANIZATIONNAME = "Robert Boczek";
				TargetAttributes = {
					D1B256C3238396C200142068 = {
						CreatedOnToolsVersion = 11.2;
					};
				};
			};
			buildConfigurationList = D1B256BF238396C200142068 /* Build configuration list for PBXProject "WeatherApp" */;
			compatibilityVersion = "Xcode 9.3";
			developmentRegion = en;
			hasScannedForEncodings = 0;
			knownRegions = (
				en,
				Base,
				pl,
				es,
				de,
				fr,
				ja,
				"pt-BR",
				"pt-PT",
				it,
			);
			mainGroup = D1B256BB238396C200142068;
			productRefGroup = D1B256C5238396C200142068 /* Products */;
			projectDirPath = "";
			projectRoot = "";
			targets = (
				D1B256C3238396C200142068 /* WeatherApp */,
			);
		};
/* End PBXProject section */

/* Begin PBXResourcesBuildPhase section */
		D1B256C2238396C200142068 /* Resources */ = {
			isa = PBXResourcesBuildPhase;
			buildActionMask = 2147483647;
			files = (
				E537256A27B0B7D8002E8CE1 /* 01d.png in Resources */,
				D1F284A4238B05F10023521F /* 11d.png in Resources */,
				E5DD69D8290E2D2A009C2E61 /* fair.png in Resources */,
				D1F284BC238B42AE0023521F /* logo.png in Resources */,
				D1F284A0238B05C90023521F /* 10n.png in Resources */,
				D10B379B23CFF1C50048FB58 /* s_11d.png in Resources */,
				E5DD69D5290E1C15009C2E61 /* angry.png in Resources */,
				D10B379723CFF1C50048FB58 /* s_03d.png in Resources */,
				D10B379D23CFF1C50048FB58 /* s_09d.png in Resources */,
				D1F284B4238B077F0023521F /* 09n.png in Resources */,
				D10B379623CFF1C50048FB58 /* s_02n.png in Resources */,
				E53F902F2900C8F90013152A /* icon-down.png in Resources */,
				D1F2849A238B05590023521F /* 04n.png in Resources */,
				D1EA8CCA239C66D3000E260E /* search-icon.png in Resources */,
				D1F2849B238B05590023521F /* 04d.png in Resources */,
				D12AB72323E44A8800EA1B1D /* Localizable.strings in Resources */,
				D1B256D4238396C500142068 /* LaunchScreen.storyboard in Resources */,
				D1B256D1238396C500142068 /* Assets.xcassets in Resources */,
				D10B37A423CFF1C50048FB58 /* s_03n.png in Resources */,
				D1DDD56C2395F9AC0001AA44 /* 50d.png in Resources */,
				D1F284B2238B077F0023521F /* 09d.png in Resources */,
				D10B37A323CFF1C50048FB58 /* s_04n.png in Resources */,
				D1F28499238B05590023521F /* 03d.png in Resources */,
				E53F904129039AD30013152A /* back.png in Resources */,
				D1F284B3238B077F0023521F /* 02d.png in Resources */,
				D10B379823CFF1C50048FB58 /* s_01d.png in Resources */,
				D101C56A2585C9C6005BC6EE /* map icon.png in Resources */,
				D10B37A023CFF1C50048FB58 /* s_50d.png in Resources */,
				E5DD69D4290E1C15009C2E61 /* sad.png in Resources */,
				E53F903E29039A3D0013152A /* icons8-sort-down-48.png in Resources */,
				D10B379E23CFF1C50048FB58 /* s_01n.png in Resources */,
				D10B379F23CFF1C50048FB58 /* s_50n.png in Resources */,
				E5DD69D9290E2D2A009C2E61 /* good.png in Resources */,
				D1F284A3238B05F10023521F /* 11n.png in Resources */,
				D1F284A8238B061F0023521F /* 13n.png in Resources */,
				D10B379923CFF1C50048FB58 /* s_09n.png in Resources */,
				D1B256CF238396C200142068 /* Main.storyboard in Resources */,
				D1F2849E238B05990023521F /* 03n.png in Resources */,
				D10B37A123CFF1C50048FB58 /* s_10n.png in Resources */,
				D1EA8CCC239C9E3D000E260E /* worldcities.csv in Resources */,
				D10B379A23CFF1C50048FB58 /* s_04d.png in Resources */,
				D10B37A223CFF1C50048FB58 /* s_13n.png in Resources */,
				D1DDD56D2395F9AC0001AA44 /* 50n.png in Resources */,
				D1F284A7238B061F0023521F /* 13d.png in Resources */,
				D10B379523CFF1C50048FB58 /* s_11n.png in Resources */,
				D10B379323CFF1C50048FB58 /* s_02d.png in Resources */,
				D1F284B8238B08D90023521F /* 10d.png in Resources */,
				D10B379423CFF1C50048FB58 /* s_13d.png in Resources */,
				E537256B27B0B7D8002E8CE1 /* 01n.png in Resources */,
				E5DD69D2290E1C15009C2E61 /* neutral.png in Resources */,
				D1F28494238B05180023521F /* 02n.png in Resources */,
				D10B379C23CFF1C50048FB58 /* s_10d.png in Resources */,
			);
			runOnlyForDeploymentPostprocessing = 0;
		};
/* End PBXResourcesBuildPhase section */

/* Begin PBXShellScriptBuildPhase section */
		8780A7F9DB66F8F711705C42 /* [CP] Check Pods Manifest.lock */ = {
			isa = PBXShellScriptBuildPhase;
			buildActionMask = 2147483647;
			files = (
			);
			inputFileListPaths = (
			);
			inputPaths = (
				"${PODS_PODFILE_DIR_PATH}/Podfile.lock",
				"${PODS_ROOT}/Manifest.lock",
			);
			name = "[CP] Check Pods Manifest.lock";
			outputFileListPaths = (
			);
			outputPaths = (
				"$(DERIVED_FILE_DIR)/Pods-WeatherApp-checkManifestLockResult.txt",
			);
			runOnlyForDeploymentPostprocessing = 0;
			shellPath = /bin/sh;
			shellScript = "diff \"${PODS_PODFILE_DIR_PATH}/Podfile.lock\" \"${PODS_ROOT}/Manifest.lock\" > /dev/null\nif [ $? != 0 ] ; then\n    # print error to STDERR\n    echo \"error: The sandbox is not in sync with the Podfile.lock. Run 'pod install' or update your CocoaPods installation.\" >&2\n    exit 1\nfi\n# This output is used by Xcode 'outputs' to avoid re-running this script phase.\necho \"SUCCESS\" > \"${SCRIPT_OUTPUT_FILE_0}\"\n";
			showEnvVarsInLog = 0;
		};
		BFDF2426F9EED85664C696D6 /* [CP] Embed Pods Frameworks */ = {
			isa = PBXShellScriptBuildPhase;
			buildActionMask = 2147483647;
			files = (
			);
			inputFileListPaths = (
				"${PODS_ROOT}/Target Support Files/Pods-WeatherApp/Pods-WeatherApp-frameworks-${CONFIGURATION}-input-files.xcfilelist",
			);
			name = "[CP] Embed Pods Frameworks";
			outputFileListPaths = (
				"${PODS_ROOT}/Target Support Files/Pods-WeatherApp/Pods-WeatherApp-frameworks-${CONFIGURATION}-output-files.xcfilelist",
			);
			runOnlyForDeploymentPostprocessing = 0;
			shellPath = /bin/sh;
			shellScript = "\"${PODS_ROOT}/Target Support Files/Pods-WeatherApp/Pods-WeatherApp-frameworks.sh\"\n";
			showEnvVarsInLog = 0;
		};
/* End PBXShellScriptBuildPhase section */

/* Begin PBXSourcesBuildPhase section */
		D1B256C0238396C200142068 /* Sources */ = {
			isa = PBXSourcesBuildPhase;
			buildActionMask = 2147483647;
			files = (
				D1B256CC238396C200142068 /* ViewController.swift in Sources */,
				D1B256C8238396C200142068 /* AppDelegate.swift in Sources */,
				D1B256CA238396C200142068 /* SceneDelegate.swift in Sources */,
			);
			runOnlyForDeploymentPostprocessing = 0;
		};
/* End PBXSourcesBuildPhase section */

/* Begin PBXVariantGroup section */
		D12AB72123E44A8700EA1B1D /* Localizable.strings */ = {
			isa = PBXVariantGroup;
			children = (
				D12AB72223E44A8700EA1B1D /* pl */,
				D12AB72423E44B5000EA1B1D /* Base */,
				E5E06B58293AD4490039978C /* es */,
				E5E06B5B293AD4630039978C /* de */,
				E5E06B5E293AD4730039978C /* fr */,
				E57247C229532B5900F6E33B /* ja */,
				E57247C5297A317900F6E33B /* pt-BR */,
				E57247C8297A318800F6E33B /* pt-PT */,
				E57247CB297A31B500F6E33B /* it */,
			);
			name = Localizable.strings;
			sourceTree = "<group>";
		};
		D1B256CD238396C200142068 /* Main.storyboard */ = {
			isa = PBXVariantGroup;
			children = (
				D1B256CE238396C200142068 /* Base */,
				D12AB72023E4439D00EA1B1D /* pl */,
				E5E06B56293AD4490039978C /* es */,
				E5E06B59293AD4630039978C /* de */,
				E5E06B5C293AD4730039978C /* fr */,
				E57247C029532B5900F6E33B /* ja */,
				E57247C3297A317800F6E33B /* pt-BR */,
				E57247C6297A318800F6E33B /* pt-PT */,
				E57247C9297A31B500F6E33B /* it */,
			);
			name = Main.storyboard;
			sourceTree = "<group>";
		};
		D1B256D2238396C500142068 /* LaunchScreen.storyboard */ = {
			isa = PBXVariantGroup;
			children = (
				D1B256D3238396C500142068 /* Base */,
				E5E06B57293AD4490039978C /* es */,
				E5E06B5A293AD4630039978C /* de */,
				E5E06B5D293AD4730039978C /* fr */,
				E57247C129532B5900F6E33B /* ja */,
				E57247C4297A317800F6E33B /* pt-BR */,
				E57247C7297A318800F6E33B /* pt-PT */,
				E57247CA297A31B500F6E33B /* it */,
			);
			name = LaunchScreen.storyboard;
			sourceTree = "<group>";
		};
/* End PBXVariantGroup section */

/* Begin XCBuildConfiguration section */
		D1B256D6238396C500142068 /* Debug */ = {
			isa = XCBuildConfiguration;
			buildSettings = {
				ALWAYS_SEARCH_USER_PATHS = NO;
				CLANG_ANALYZER_LOCALIZABILITY_NONLOCALIZED = YES;
				CLANG_ANALYZER_NONNULL = YES;
				CLANG_ANALYZER_NUMBER_OBJECT_CONVERSION = YES_AGGRESSIVE;
				CLANG_CXX_LANGUAGE_STANDARD = "gnu++14";
				CLANG_CXX_LIBRARY = "libc++";
				CLANG_ENABLE_MODULES = YES;
				CLANG_ENABLE_OBJC_ARC = YES;
				CLANG_ENABLE_OBJC_WEAK = YES;
				CLANG_WARN_BLOCK_CAPTURE_AUTORELEASING = YES;
				CLANG_WARN_BOOL_CONVERSION = YES;
				CLANG_WARN_COMMA = YES;
				CLANG_WARN_CONSTANT_CONVERSION = YES;
				CLANG_WARN_DEPRECATED_OBJC_IMPLEMENTATIONS = YES;
				CLANG_WARN_DIRECT_OBJC_ISA_USAGE = YES_ERROR;
				CLANG_WARN_DOCUMENTATION_COMMENTS = YES;
				CLANG_WARN_EMPTY_BODY = YES;
				CLANG_WARN_ENUM_CONVERSION = YES;
				CLANG_WARN_INFINITE_RECURSION = YES;
				CLANG_WARN_INT_CONVERSION = YES;
				CLANG_WARN_NON_LITERAL_NULL_CONVERSION = YES;
				CLANG_WARN_OBJC_IMPLICIT_RETAIN_SELF = YES;
				CLANG_WARN_OBJC_LITERAL_CONVERSION = YES;
				CLANG_WARN_OBJC_ROOT_CLASS = YES_ERROR;
				CLANG_WARN_RANGE_LOOP_ANALYSIS = YES;
				CLANG_WARN_STRICT_PROTOTYPES = YES;
				CLANG_WARN_SUSPICIOUS_MOVE = YES;
				CLANG_WARN_UNGUARDED_AVAILABILITY = YES_AGGRESSIVE;
				CLANG_WARN_UNREACHABLE_CODE = YES;
				CLANG_WARN__DUPLICATE_METHOD_MATCH = YES;
				COPY_PHASE_STRIP = NO;
				DEBUG_INFORMATION_FORMAT = dwarf;
				ENABLE_STRICT_OBJC_MSGSEND = YES;
				ENABLE_TESTABILITY = YES;
				"EXCLUDED_ARCHS[sdk=iphonesimulator*]" = arm64;
				GCC_C_LANGUAGE_STANDARD = gnu11;
				GCC_DYNAMIC_NO_PIC = NO;
				GCC_NO_COMMON_BLOCKS = YES;
				GCC_OPTIMIZATION_LEVEL = 0;
				GCC_PREPROCESSOR_DEFINITIONS = (
					"DEBUG=1",
					"$(inherited)",
				);
				GCC_WARN_64_TO_32_BIT_CONVERSION = YES;
				GCC_WARN_ABOUT_RETURN_TYPE = YES_ERROR;
				GCC_WARN_UNDECLARED_SELECTOR = YES;
				GCC_WARN_UNINITIALIZED_AUTOS = YES_AGGRESSIVE;
				GCC_WARN_UNUSED_FUNCTION = YES;
				GCC_WARN_UNUSED_VARIABLE = YES;
				IPHONEOS_DEPLOYMENT_TARGET = 15.0;
				MTL_ENABLE_DEBUG_INFO = INCLUDE_SOURCE;
				MTL_FAST_MATH = YES;
				ONLY_ACTIVE_ARCH = YES;
				OTHER_LDFLAGS = "-ObjC";
				SDKROOT = iphoneos;
				SWIFT_ACTIVE_COMPILATION_CONDITIONS = DEBUG;
				SWIFT_OPTIMIZATION_LEVEL = "-Onone";
				ffds = "";
			};
			name = Debug;
		};
		D1B256D7238396C500142068 /* Release */ = {
			isa = XCBuildConfiguration;
			buildSettings = {
				ALWAYS_SEARCH_USER_PATHS = NO;
				CLANG_ANALYZER_LOCALIZABILITY_NONLOCALIZED = YES;
				CLANG_ANALYZER_NONNULL = YES;
				CLANG_ANALYZER_NUMBER_OBJECT_CONVERSION = YES_AGGRESSIVE;
				CLANG_CXX_LANGUAGE_STANDARD = "gnu++14";
				CLANG_CXX_LIBRARY = "libc++";
				CLANG_ENABLE_MODULES = YES;
				CLANG_ENABLE_OBJC_ARC = YES;
				CLANG_ENABLE_OBJC_WEAK = YES;
				CLANG_WARN_BLOCK_CAPTURE_AUTORELEASING = YES;
				CLANG_WARN_BOOL_CONVERSION = YES;
				CLANG_WARN_COMMA = YES;
				CLANG_WARN_CONSTANT_CONVERSION = YES;
				CLANG_WARN_DEPRECATED_OBJC_IMPLEMENTATIONS = YES;
				CLANG_WARN_DIRECT_OBJC_ISA_USAGE = YES_ERROR;
				CLANG_WARN_DOCUMENTATION_COMMENTS = YES;
				CLANG_WARN_EMPTY_BODY = YES;
				CLANG_WARN_ENUM_CONVERSION = YES;
				CLANG_WARN_INFINITE_RECURSION = YES;
				CLANG_WARN_INT_CONVERSION = YES;
				CLANG_WARN_NON_LITERAL_NULL_CONVERSION = YES;
				CLANG_WARN_OBJC_IMPLICIT_RETAIN_SELF = YES;
				CLANG_WARN_OBJC_LITERAL_CONVERSION = YES;
				CLANG_WARN_OBJC_ROOT_CLASS = YES_ERROR;
				CLANG_WARN_RANGE_LOOP_ANALYSIS = YES;
				CLANG_WARN_STRICT_PROTOTYPES = YES;
				CLANG_WARN_SUSPICIOUS_MOVE = YES;
				CLANG_WARN_UNGUARDED_AVAILABILITY = YES_AGGRESSIVE;
				CLANG_WARN_UNREACHABLE_CODE = YES;
				CLANG_WARN__DUPLICATE_METHOD_MATCH = YES;
				COPY_PHASE_STRIP = NO;
				DEBUG_INFORMATION_FORMAT = "dwarf-with-dsym";
				ENABLE_NS_ASSERTIONS = NO;
				ENABLE_STRICT_OBJC_MSGSEND = YES;
				GCC_C_LANGUAGE_STANDARD = gnu11;
				GCC_NO_COMMON_BLOCKS = YES;
				GCC_WARN_64_TO_32_BIT_CONVERSION = YES;
				GCC_WARN_ABOUT_RETURN_TYPE = YES_ERROR;
				GCC_WARN_UNDECLARED_SELECTOR = YES;
				GCC_WARN_UNINITIALIZED_AUTOS = YES_AGGRESSIVE;
				GCC_WARN_UNUSED_FUNCTION = YES;
				GCC_WARN_UNUSED_VARIABLE = YES;
				IPHONEOS_DEPLOYMENT_TARGET = 15.0;
				MTL_ENABLE_DEBUG_INFO = NO;
				MTL_FAST_MATH = YES;
				OTHER_LDFLAGS = "-ObjC";
				SDKROOT = iphoneos;
				SWIFT_COMPILATION_MODE = wholemodule;
				SWIFT_OPTIMIZATION_LEVEL = "-O";
				VALIDATE_PRODUCT = YES;
				ffds = "";
			};
			name = Release;
		};
		D1B256D9238396C500142068 /* Debug */ = {
			isa = XCBuildConfiguration;
			baseConfigurationReference = 3C2B31F282C60BCF5A8DBD33 /* Pods-WeatherApp.debug.xcconfig */;
			buildSettings = {
				ASSETCATALOG_COMPILER_APPICON_NAME = AppIcon;
				CODE_SIGN_STYLE = Automatic;
				CURRENT_PROJECT_VERSION = 74;
				DEVELOPMENT_TEAM = LBZQ6A27C3;
				FRAMEWORK_SEARCH_PATHS = (
					"$(inherited)",
					"$(PROJECT_DIR)/WeatherApp/images/WeatherApp/Pods/FBAudienceNetwork/Static",
				);
				INFOPLIST_FILE = WeatherApp/Info.plist;
				IPHONEOS_DEPLOYMENT_TARGET = 15.0;
				LD_RUNPATH_SEARCH_PATHS = (
					"$(inherited)",
					"@executable_path/Frameworks",
				);
				MARKETING_VERSION = 3.11;
				PRODUCT_BUNDLE_IDENTIFIER = com.boczek.WeatherApp;
				PRODUCT_NAME = "$(TARGET_NAME)";
				SWIFT_VERSION = 5.0;
				TARGETED_DEVICE_FAMILY = "1,2";
			};
			name = Debug;
		};
		D1B256DA238396C500142068 /* Release */ = {
			isa = XCBuildConfiguration;
			baseConfigurationReference = 7E63C5BE56B29C444A52D173 /* Pods-WeatherApp.release.xcconfig */;
			buildSettings = {
				ASSETCATALOG_COMPILER_APPICON_NAME = AppIcon;
				CODE_SIGN_STYLE = Automatic;
				CURRENT_PROJECT_VERSION = 74;
				DEVELOPMENT_TEAM = LBZQ6A27C3;
				FRAMEWORK_SEARCH_PATHS = (
					"$(inherited)",
					"$(PROJECT_DIR)/WeatherApp/images/WeatherApp/Pods/FBAudienceNetwork/Static",
				);
				INFOPLIST_FILE = WeatherApp/Info.plist;
				IPHONEOS_DEPLOYMENT_TARGET = 15.0;
				LD_RUNPATH_SEARCH_PATHS = (
					"$(inherited)",
					"@executable_path/Frameworks",
				);
				MARKETING_VERSION = 3.11;
				MTL_ENABLE_DEBUG_INFO = YES;
				"MTL_ENABLE_DEBUG_INFO[arch=*]" = NO;
				PRODUCT_BUNDLE_IDENTIFIER = com.boczek.WeatherApp;
				PRODUCT_NAME = "$(TARGET_NAME)";
				SWIFT_VERSION = 5.0;
				TARGETED_DEVICE_FAMILY = "1,2";
			};
			name = Release;
		};
/* End XCBuildConfiguration section */

/* Begin XCConfigurationList section */
		D1B256BF238396C200142068 /* Build configuration list for PBXProject "WeatherApp" */ = {
			isa = XCConfigurationList;
			buildConfigurations = (
				D1B256D6238396C500142068 /* Debug */,
				D1B256D7238396C500142068 /* Release */,
			);
			defaultConfigurationIsVisible = 0;
			defaultConfigurationName = Release;
		};
		D1B256D8238396C500142068 /* Build configuration list for PBXNativeTarget "WeatherApp" */ = {
			isa = XCConfigurationList;
			buildConfigurations = (
				D1B256D9238396C500142068 /* Debug */,
				D1B256DA238396C500142068 /* Release */,
			);
			defaultConfigurationIsVisible = 0;
			defaultConfigurationName = Release;
		};
/* End XCConfigurationList section */
	};
	rootObject = D1B256BC238396C200142068 /* Project object */;
}
